{
  "name": "E-Kasir",
  "lockfileVersion": 3,
  "requires": true,
  "packages": {
    "": {
      "dependencies": {
        "sweetalert2": "^11.14.3"
      }
    },
    "node_modules/sweetalert2": {
      "version": "11.14.3",
      "resolved": "https://registry.npmjs.org/sweetalert2/-/sweetalert2-11.14.3.tgz",
      "integrity": "sha512-6NuBHWJCv2gtw4y8PUXLB41hty+V6U2mKZMAvydL1IRPcORR0yuyq3cjFD/+ByrCk3muEFggbZX/x6HwmbVfbA==",
      "license": "MIT",
      "funding": {
        "type": "individual",
        "url": "https://github.com/sponsors/limonte"
      }
    }
  }
}
